
Microsoft Visual Studio Solution File, Format Version 12.00
# Visual Studio 15
VisualStudioVersion = 15.0.28010.2016
MinimumVisualStudioVersion = 10.0.40219.1
Project("{FAE04EC0-301F-11D3-BF4B-00C04F79EFBC}") = "Restaurantte", "Restaurantte.csproj", "{DD980D6C-69AE-4A2F-B3FD-E117D4DC207D}"
EndProject
Global
	GlobalSection(SolutionConfigurationPlatforms) = preSolution
		Debug|Any CPU = Debug|Any CPU
		Release|Any CPU = Release|Any CPU
	EndGlobalSection
	GlobalSection(ProjectConfigurationPlatforms) = postSolution
		{DD980D6C-69AE-4A2F-B3FD-E117D4DC207D}.Debug|Any CPU.ActiveCfg = Debug|Any CPU
		{DD980D6C-69AE-4A2F-B3FD-E117D4DC207D}.Debug|Any CPU.Build.0 = Debug|Any CPU
		{DD980D6C-69AE-4A2F-B3FD-E117D4DC207D}.Release|Any CPU.ActiveCfg = Release|Any CPU
		{DD980D6C-69AE-4A2F-B3FD-E117D4DC207D}.Release|Any CPU.Build.0 = Release|Any CPU
	EndGlobalSection
	GlobalSection(SolutionProperties) = preSolution
		HideSolutionNode = FALSE
	EndGlobalSection
	GlobalSection(ExtensibilityGlobals) = postSolution
		SolutionGuid = {D7B9643D-376A-4489-B303-41A0FA2C9A24}
	EndGlobalSection
EndGlobal
